
Microsoft Visual Studio Solution File, Format Version 12.00
# Visual Studio Version 16
VisualStudioVersion = 16.0.31105.61
MinimumVisualStudioVersion = 10.0.40219.1
Project("{FAE04EC0-301F-11D3-BF4B-00C04F79EFBC}") = "Translator.Android", "Translator\Translator.Android\Translator.Android.csproj", "{F9611B42-3628-4884-A75E-821FC048A5ED}"
EndProject
Project("{FAE04EC0-301F-11D3-BF4B-00C04F79EFBC}") = "Translator", "Translator\Translator\Translator.csproj", "{B223543B-8A54-4642-B2B8-BA2AEB3B226B}"
EndProject
Global
	GlobalSection(SolutionConfigurationPlatforms) = preSolution
		Debug|Any CPU = Debug|Any CPU
		Release|Any CPU = Release|Any CPU
	EndGlobalSection
	GlobalSection(ProjectConfigurationPlatforms) = postSolution
		{F9611B42-3628-4884-A75E-821FC048A5ED}.Debug|Any CPU.ActiveCfg = Debug|Any CPU
		{F9611B42-3628-4884-A75E-821FC048A5ED}.Debug|Any CPU.Build.0 = Debug|Any CPU
		{F9611B42-3628-4884-A75E-821FC048A5ED}.Debug|Any CPU.Deploy.0 = Debug|Any CPU
		{F9611B42-3628-4884-A75E-821FC048A5ED}.Release|Any CPU.ActiveCfg = Release|Any CPU
		{F9611B42-3628-4884-A75E-821FC048A5ED}.Release|Any CPU.Build.0 = Release|Any CPU
		{F9611B42-3628-4884-A75E-821FC048A5ED}.Release|Any CPU.Deploy.0 = Release|Any CPU
		{B223543B-8A54-4642-B2B8-BA2AEB3B226B}.Debug|Any CPU.ActiveCfg = Debug|Any CPU
		{B223543B-8A54-4642-B2B8-BA2AEB3B226B}.Debug|Any CPU.Build.0 = Debug|Any CPU
		{B223543B-8A54-4642-B2B8-BA2AEB3B226B}.Debug|Any CPU.Deploy.0 = Debug|Any CPU
		{B223543B-8A54-4642-B2B8-BA2AEB3B226B}.Release|Any CPU.ActiveCfg = Release|Any CPU
		{B223543B-8A54-4642-B2B8-BA2AEB3B226B}.Release|Any CPU.Build.0 = Release|Any CPU
		{B223543B-8A54-4642-B2B8-BA2AEB3B226B}.Release|Any CPU.Deploy.0 = Release|Any CPU
	EndGlobalSection
	GlobalSection(SolutionProperties) = preSolution
		HideSolutionNode = FALSE
	EndGlobalSection
	GlobalSection(ExtensibilityGlobals) = postSolution
		SolutionGuid = {5DD8F637-9452-4673-BAF7-43796420FDB4}
	EndGlobalSection
EndGlobal
